
Microsoft Visual Studio Solution File, Format Version 12.00
# Visual Studio 2013
VisualStudioVersion = 12.0.30723.0
MinimumVisualStudioVersion = 10.0.40219.1
Project("{FAE04EC0-301F-11D3-BF4B-00C04F79EFBC}") = "TelerikXamarinForms", "TelerikXamarinForms\TelerikXamarinForms\TelerikXamarinForms.csproj", "{E754B4CA-EDC5-46D7-8EAD-84A20F1FF12C}"
EndProject
Project("{FAE04EC0-301F-11D3-BF4B-00C04F79EFBC}") = "TelerikXamarinForms.iOS", "TelerikXamarinForms\TelerikXamarinForms.iOS\TelerikXamarinForms.iOS.csproj", "{B6C5AFA4-28B4-4109-B8DA-0E9111F9A456}"
EndProject
Project("{FAE04EC0-301F-11D3-BF4B-00C04F79EFBC}") = "TelerikXamarinForms.Android", "TelerikXamarinForms\TelerikXamarinForms.Android\TelerikXamarinForms.Android.csproj", "{08CD06D4-024F-4343-A56D-1FA78F01464B}"
EndProject
Project("{FAE04EC0-301F-11D3-BF4B-00C04F79EFBC}") = "TelerikXamarinForms.WinPhone", "TelerikXamarinForms\TelerikXamarinForms.WinPhone\TelerikXamarinForms.WinPhone.csproj", "{80AD099F-0549-4CA0-BE5C-4A2107AD3C15}"
EndProject
Global
	GlobalSection(SolutionConfigurationPlatforms) = preSolution
		Ad-Hoc|Any CPU = Ad-Hoc|Any CPU
		Ad-Hoc|ARM = Ad-Hoc|ARM
		Ad-Hoc|iPhone = Ad-Hoc|iPhone
		Ad-Hoc|iPhoneSimulator = Ad-Hoc|iPhoneSimulator
		Ad-Hoc|Mixed Platforms = Ad-Hoc|Mixed Platforms
		Ad-Hoc|x86 = Ad-Hoc|x86
		AppStore|Any CPU = AppStore|Any CPU
		AppStore|ARM = AppStore|ARM
		AppStore|iPhone = AppStore|iPhone
		AppStore|iPhoneSimulator = AppStore|iPhoneSimulator
		AppStore|Mixed Platforms = AppStore|Mixed Platforms
		AppStore|x86 = AppStore|x86
		Debug|Any CPU = Debug|Any CPU
		Debug|ARM = Debug|ARM
		Debug|iPhone = Debug|iPhone
		Debug|iPhoneSimulator = Debug|iPhoneSimulator
		Debug|Mixed Platforms = Debug|Mixed Platforms
		Debug|x86 = Debug|x86
		Release|Any CPU = Release|Any CPU
		Release|ARM = Release|ARM
		Release|iPhone = Release|iPhone
		Release|iPhoneSimulator = Release|iPhoneSimulator
		Release|Mixed Platforms = Release|Mixed Platforms
		Release|x86 = Release|x86
	EndGlobalSection
	GlobalSection(ProjectConfigurationPlatforms) = postSolution
		{E754B4CA-EDC5-46D7-8EAD-84A20F1FF12C}.Ad-Hoc|Any CPU.ActiveCfg = Release|Any CPU
		{E754B4CA-EDC5-46D7-8EAD-84A20F1FF12C}.Ad-Hoc|Any CPU.Build.0 = Release|Any CPU
		{E754B4CA-EDC5-46D7-8EAD-84A20F1FF12C}.Ad-Hoc|ARM.ActiveCfg = Release|Any CPU
		{E754B4CA-EDC5-46D7-8EAD-84A20F1FF12C}.Ad-Hoc|iPhone.ActiveCfg = Release|Any CPU
		{E754B4CA-EDC5-46D7-8EAD-84A20F1FF12C}.Ad-Hoc|iPhoneSimulator.ActiveCfg = Release|Any CPU
		{E754B4CA-EDC5-46D7-8EAD-84A20F1FF12C}.Ad-Hoc|Mixed Platforms.ActiveCfg = Release|Any CPU
		{E754B4CA-EDC5-46D7-8EAD-84A20F1FF12C}.Ad-Hoc|Mixed Platforms.Build.0 = Release|Any CPU
		{E754B4CA-EDC5-46D7-8EAD-84A20F1FF12C}.Ad-Hoc|x86.ActiveCfg = Release|Any CPU
		{E754B4CA-EDC5-46D7-8EAD-84A20F1FF12C}.AppStore|Any CPU.ActiveCfg = Release|Any CPU
		{E754B4CA-EDC5-46D7-8EAD-84A20F1FF12C}.AppStore|Any CPU.Build.0 = Release|Any CPU
		{E754B4CA-EDC5-46D7-8EAD-84A20F1FF12C}.AppStore|ARM.ActiveCfg = Release|Any CPU
		{E754B4CA-EDC5-46D7-8EAD-84A20F1FF12C}.AppStore|iPhone.ActiveCfg = Release|Any CPU
		{E754B4CA-EDC5-46D7-8EAD-84A20F1FF12C}.AppStore|iPhoneSimulator.ActiveCfg = Release|Any CPU
		{E754B4CA-EDC5-46D7-8EAD-84A20F1FF12C}.AppStore|Mixed Platforms.ActiveCfg = Release|Any CPU
		{E754B4CA-EDC5-46D7-8EAD-84A20F1FF12C}.AppStore|Mixed Platforms.Build.0 = Release|Any CPU
		{E754B4CA-EDC5-46D7-8EAD-84A20F1FF12C}.AppStore|x86.ActiveCfg = Release|Any CPU
		{E754B4CA-EDC5-46D7-8EAD-84A20F1FF12C}.Debug|Any CPU.ActiveCfg = Debug|Any CPU
		{E754B4CA-EDC5-46D7-8EAD-84A20F1FF12C}.Debug|Any CPU.Build.0 = Debug|Any CPU
		{E754B4CA-EDC5-46D7-8EAD-84A20F1FF12C}.Debug|ARM.ActiveCfg = Debug|Any CPU
		{E754B4CA-EDC5-46D7-8EAD-84A20F1FF12C}.Debug|iPhone.ActiveCfg = Debug|Any CPU
		{E754B4CA-EDC5-46D7-8EAD-84A20F1FF12C}.Debug|iPhoneSimulator.ActiveCfg = Debug|Any CPU
		{E754B4CA-EDC5-46D7-8EAD-84A20F1FF12C}.Debug|Mixed Platforms.ActiveCfg = Debug|Any CPU
		{E754B4CA-EDC5-46D7-8EAD-84A20F1FF12C}.Debug|Mixed Platforms.Build.0 = Debug|Any CPU
		{E754B4CA-EDC5-46D7-8EAD-84A20F1FF12C}.Debug|x86.ActiveCfg = Debug|Any CPU
		{E754B4CA-EDC5-46D7-8EAD-84A20F1FF12C}.Release|Any CPU.ActiveCfg = Release|Any CPU
		{E754B4CA-EDC5-46D7-8EAD-84A20F1FF12C}.Release|Any CPU.Build.0 = Release|Any CPU
		{E754B4CA-EDC5-46D7-8EAD-84A20F1FF12C}.Release|ARM.ActiveCfg = Release|Any CPU
		{E754B4CA-EDC5-46D7-8EAD-84A20F1FF12C}.Release|iPhone.ActiveCfg = Release|Any CPU
		{E754B4CA-EDC5-46D7-8EAD-84A20F1FF12C}.Release|iPhoneSimulator.ActiveCfg = Release|Any CPU
		{E754B4CA-EDC5-46D7-8EAD-84A20F1FF12C}.Release|Mixed Platforms.ActiveCfg = Release|Any CPU
		{E754B4CA-EDC5-46D7-8EAD-84A20F1FF12C}.Release|Mixed Platforms.Build.0 = Release|Any CPU
		{E754B4CA-EDC5-46D7-8EAD-84A20F1FF12C}.Release|x86.ActiveCfg = Release|Any CPU
		{B6C5AFA4-28B4-4109-B8DA-0E9111F9A456}.Ad-Hoc|Any CPU.ActiveCfg = Ad-Hoc|iPhone
		{B6C5AFA4-28B4-4109-B8DA-0E9111F9A456}.Ad-Hoc|ARM.ActiveCfg = Ad-Hoc|iPhone
		{B6C5AFA4-28B4-4109-B8DA-0E9111F9A456}.Ad-Hoc|iPhone.ActiveCfg = Ad-Hoc|iPhone
		{B6C5AFA4-28B4-4109-B8DA-0E9111F9A456}.Ad-Hoc|iPhone.Build.0 = Ad-Hoc|iPhone
		{B6C5AFA4-28B4-4109-B8DA-0E9111F9A456}.Ad-Hoc|iPhoneSimulator.ActiveCfg = Ad-Hoc|iPhoneSimulator
		{B6C5AFA4-28B4-4109-B8DA-0E9111F9A456}.Ad-Hoc|iPhoneSimulator.Build.0 = Ad-Hoc|iPhoneSimulator
		{B6C5AFA4-28B4-4109-B8DA-0E9111F9A456}.Ad-Hoc|Mixed Platforms.ActiveCfg = Ad-Hoc|iPhone
		{B6C5AFA4-28B4-4109-B8DA-0E9111F9A456}.Ad-Hoc|Mixed Platforms.Build.0 = Ad-Hoc|iPhone
		{B6C5AFA4-28B4-4109-B8DA-0E9111F9A456}.Ad-Hoc|x86.ActiveCfg = Ad-Hoc|iPhone
		{B6C5AFA4-28B4-4109-B8DA-0E9111F9A456}.AppStore|Any CPU.ActiveCfg = AppStore|iPhone
		{B6C5AFA4-28B4-4109-B8DA-0E9111F9A456}.AppStore|ARM.ActiveCfg = AppStore|iPhone
		{B6C5AFA4-28B4-4109-B8DA-0E9111F9A456}.AppStore|iPhone.ActiveCfg = AppStore|iPhone
		{B6C5AFA4-28B4-4109-B8DA-0E9111F9A456}.AppStore|iPhone.Build.0 = AppStore|iPhone
		{B6C5AFA4-28B4-4109-B8DA-0E9111F9A456}.AppStore|iPhoneSimulator.ActiveCfg = AppStore|iPhoneSimulator
		{B6C5AFA4-28B4-4109-B8DA-0E9111F9A456}.AppStore|iPhoneSimulator.Build.0 = AppStore|iPhoneSimulator
		{B6C5AFA4-28B4-4109-B8DA-0E9111F9A456}.AppStore|Mixed Platforms.ActiveCfg = AppStore|iPhone
		{B6C5AFA4-28B4-4109-B8DA-0E9111F9A456}.AppStore|Mixed Platforms.Build.0 = AppStore|iPhone
		{B6C5AFA4-28B4-4109-B8DA-0E9111F9A456}.AppStore|x86.ActiveCfg = AppStore|iPhone
		{B6C5AFA4-28B4-4109-B8DA-0E9111F9A456}.Debug|Any CPU.ActiveCfg = Debug|iPhone
		{B6C5AFA4-28B4-4109-B8DA-0E9111F9A456}.Debug|ARM.ActiveCfg = Debug|iPhone
		{B6C5AFA4-28B4-4109-B8DA-0E9111F9A456}.Debug|iPhone.ActiveCfg = Debug|iPhone
		{B6C5AFA4-28B4-4109-B8DA-0E9111F9A456}.Debug|iPhone.Build.0 = Debug|iPhone
		{B6C5AFA4-28B4-4109-B8DA-0E9111F9A456}.Debug|iPhoneSimulator.ActiveCfg = Debug|iPhoneSimulator
		{B6C5AFA4-28B4-4109-B8DA-0E9111F9A456}.Debug|iPhoneSimulator.Build.0 = Debug|iPhoneSimulator
		{B6C5AFA4-28B4-4109-B8DA-0E9111F9A456}.Debug|Mixed Platforms.ActiveCfg = Debug|iPhoneSimulator
		{B6C5AFA4-28B4-4109-B8DA-0E9111F9A456}.Debug|Mixed Platforms.Build.0 = Debug|iPhoneSimulator
		{B6C5AFA4-28B4-4109-B8DA-0E9111F9A456}.Debug|x86.ActiveCfg = Debug|iPhone
		{B6C5AFA4-28B4-4109-B8DA-0E9111F9A456}.Release|Any CPU.ActiveCfg = Release|iPhone
		{B6C5AFA4-28B4-4109-B8DA-0E9111F9A456}.Release|ARM.ActiveCfg = Release|iPhone
		{B6C5AFA4-28B4-4109-B8DA-0E9111F9A456}.Release|iPhone.ActiveCfg = Release|iPhone
		{B6C5AFA4-28B4-4109-B8DA-0E9111F9A456}.Release|iPhone.Build.0 = Release|iPhone
		{B6C5AFA4-28B4-4109-B8DA-0E9111F9A456}.Release|iPhoneSimulator.ActiveCfg = Release|iPhoneSimulator
		{B6C5AFA4-28B4-4109-B8DA-0E9111F9A456}.Release|iPhoneSimulator.Build.0 = Release|iPhoneSimulator
		{B6C5AFA4-28B4-4109-B8DA-0E9111F9A456}.Release|Mixed Platforms.ActiveCfg = Release|iPhone
		{B6C5AFA4-28B4-4109-B8DA-0E9111F9A456}.Release|Mixed Platforms.Build.0 = Release|iPhone
		{B6C5AFA4-28B4-4109-B8DA-0E9111F9A456}.Release|x86.ActiveCfg = Release|iPhone
		{08CD06D4-024F-4343-A56D-1FA78F01464B}.Ad-Hoc|Any CPU.ActiveCfg = Release|Any CPU
		{08CD06D4-024F-4343-A56D-1FA78F01464B}.Ad-Hoc|Any CPU.Build.0 = Release|Any CPU
		{08CD06D4-024F-4343-A56D-1FA78F01464B}.Ad-Hoc|Any CPU.Deploy.0 = Release|Any CPU
		{08CD06D4-024F-4343-A56D-1FA78F01464B}.Ad-Hoc|ARM.ActiveCfg = Release|Any CPU
		{08CD06D4-024F-4343-A56D-1FA78F01464B}.Ad-Hoc|iPhone.ActiveCfg = Release|Any CPU
		{08CD06D4-024F-4343-A56D-1FA78F01464B}.Ad-Hoc|iPhoneSimulator.ActiveCfg = Release|Any CPU
		{08CD06D4-024F-4343-A56D-1FA78F01464B}.Ad-Hoc|Mixed Platforms.ActiveCfg = Release|Any CPU
		{08CD06D4-024F-4343-A56D-1FA78F01464B}.Ad-Hoc|Mixed Platforms.Build.0 = Release|Any CPU
		{08CD06D4-024F-4343-A56D-1FA78F01464B}.Ad-Hoc|Mixed Platforms.Deploy.0 = Release|Any CPU
		{08CD06D4-024F-4343-A56D-1FA78F01464B}.Ad-Hoc|x86.ActiveCfg = Release|Any CPU
		{08CD06D4-024F-4343-A56D-1FA78F01464B}.AppStore|Any CPU.ActiveCfg = Release|Any CPU
		{08CD06D4-024F-4343-A56D-1FA78F01464B}.AppStore|Any CPU.Build.0 = Release|Any CPU
		{08CD06D4-024F-4343-A56D-1FA78F01464B}.AppStore|Any CPU.Deploy.0 = Release|Any CPU
		{08CD06D4-024F-4343-A56D-1FA78F01464B}.AppStore|ARM.ActiveCfg = Release|Any CPU
		{08CD06D4-024F-4343-A56D-1FA78F01464B}.AppStore|iPhone.ActiveCfg = Release|Any CPU
		{08CD06D4-024F-4343-A56D-1FA78F01464B}.AppStore|iPhoneSimulator.ActiveCfg = Release|Any CPU
		{08CD06D4-024F-4343-A56D-1FA78F01464B}.AppStore|Mixed Platforms.ActiveCfg = Release|Any CPU
		{08CD06D4-024F-4343-A56D-1FA78F01464B}.AppStore|Mixed Platforms.Build.0 = Release|Any CPU
		{08CD06D4-024F-4343-A56D-1FA78F01464B}.AppStore|Mixed Platforms.Deploy.0 = Release|Any CPU
		{08CD06D4-024F-4343-A56D-1FA78F01464B}.AppStore|x86.ActiveCfg = Release|Any CPU
		{08CD06D4-024F-4343-A56D-1FA78F01464B}.Debug|Any CPU.ActiveCfg = Debug|Any CPU
		{08CD06D4-024F-4343-A56D-1FA78F01464B}.Debug|Any CPU.Build.0 = Debug|Any CPU
		{08CD06D4-024F-4343-A56D-1FA78F01464B}.Debug|Any CPU.Deploy.0 = Debug|Any CPU
		{08CD06D4-024F-4343-A56D-1FA78F01464B}.Debug|ARM.ActiveCfg = Debug|Any CPU
		{08CD06D4-024F-4343-A56D-1FA78F01464B}.Debug|iPhone.ActiveCfg = Debug|Any CPU
		{08CD06D4-024F-4343-A56D-1FA78F01464B}.Debug|iPhoneSimulator.ActiveCfg = Debug|Any CPU
		{08CD06D4-024F-4343-A56D-1FA78F01464B}.Debug|Mixed Platforms.ActiveCfg = Debug|Any CPU
		{08CD06D4-024F-4343-A56D-1FA78F01464B}.Debug|Mixed Platforms.Build.0 = Debug|Any CPU
		{08CD06D4-024F-4343-A56D-1FA78F01464B}.Debug|Mixed Platforms.Deploy.0 = Debug|Any CPU
		{08CD06D4-024F-4343-A56D-1FA78F01464B}.Debug|x86.ActiveCfg = Debug|Any CPU
		{08CD06D4-024F-4343-A56D-1FA78F01464B}.Release|Any CPU.ActiveCfg = Release|Any CPU
		{08CD06D4-024F-4343-A56D-1FA78F01464B}.Release|Any CPU.Build.0 = Release|Any CPU
		{08CD06D4-024F-4343-A56D-1FA78F01464B}.Release|Any CPU.Deploy.0 = Release|Any CPU
		{08CD06D4-024F-4343-A56D-1FA78F01464B}.Release|ARM.ActiveCfg = Release|Any CPU
		{08CD06D4-024F-4343-A56D-1FA78F01464B}.Release|iPhone.ActiveCfg = Release|Any CPU
		{08CD06D4-024F-4343-A56D-1FA78F01464B}.Release|iPhoneSimulator.ActiveCfg = Release|Any CPU
		{08CD06D4-024F-4343-A56D-1FA78F01464B}.Release|Mixed Platforms.ActiveCfg = Release|Any CPU
		{08CD06D4-024F-4343-A56D-1FA78F01464B}.Release|Mixed Platforms.Build.0 = Release|Any CPU
		{08CD06D4-024F-4343-A56D-1FA78F01464B}.Release|Mixed Platforms.Deploy.0 = Release|Any CPU
		{08CD06D4-024F-4343-A56D-1FA78F01464B}.Release|x86.ActiveCfg = Release|Any CPU
		{80AD099F-0549-4CA0-BE5C-4A2107AD3C15}.Ad-Hoc|Any CPU.ActiveCfg = Release|Any CPU
		{80AD099F-0549-4CA0-BE5C-4A2107AD3C15}.Ad-Hoc|Any CPU.Build.0 = Release|Any CPU
		{80AD099F-0549-4CA0-BE5C-4A2107AD3C15}.Ad-Hoc|Any CPU.Deploy.0 = Release|Any CPU
		{80AD099F-0549-4CA0-BE5C-4A2107AD3C15}.Ad-Hoc|ARM.ActiveCfg = Release|ARM
		{80AD099F-0549-4CA0-BE5C-4A2107AD3C15}.Ad-Hoc|ARM.Build.0 = Release|ARM
		{80AD099F-0549-4CA0-BE5C-4A2107AD3C15}.Ad-Hoc|ARM.Deploy.0 = Release|ARM
		{80AD099F-0549-4CA0-BE5C-4A2107AD3C15}.Ad-Hoc|iPhone.ActiveCfg = Release|Any CPU
		{80AD099F-0549-4CA0-BE5C-4A2107AD3C15}.Ad-Hoc|iPhoneSimulator.ActiveCfg = Release|Any CPU
		{80AD099F-0549-4CA0-BE5C-4A2107AD3C15}.Ad-Hoc|Mixed Platforms.ActiveCfg = Release|x86
		{80AD099F-0549-4CA0-BE5C-4A2107AD3C15}.Ad-Hoc|Mixed Platforms.Build.0 = Release|x86
		{80AD099F-0549-4CA0-BE5C-4A2107AD3C15}.Ad-Hoc|Mixed Platforms.Deploy.0 = Release|x86
		{80AD099F-0549-4CA0-BE5C-4A2107AD3C15}.Ad-Hoc|x86.ActiveCfg = Release|x86
		{80AD099F-0549-4CA0-BE5C-4A2107AD3C15}.Ad-Hoc|x86.Build.0 = Release|x86
		{80AD099F-0549-4CA0-BE5C-4A2107AD3C15}.Ad-Hoc|x86.Deploy.0 = Release|x86
		{80AD099F-0549-4CA0-BE5C-4A2107AD3C15}.AppStore|Any CPU.ActiveCfg = Release|Any CPU
		{80AD099F-0549-4CA0-BE5C-4A2107AD3C15}.AppStore|Any CPU.Build.0 = Release|Any CPU
		{80AD099F-0549-4CA0-BE5C-4A2107AD3C15}.AppStore|Any CPU.Deploy.0 = Release|Any CPU
		{80AD099F-0549-4CA0-BE5C-4A2107AD3C15}.AppStore|ARM.ActiveCfg = Release|ARM
		{80AD099F-0549-4CA0-BE5C-4A2107AD3C15}.AppStore|ARM.Build.0 = Release|ARM
		{80AD099F-0549-4CA0-BE5C-4A2107AD3C15}.AppStore|ARM.Deploy.0 = Release|ARM
		{80AD099F-0549-4CA0-BE5C-4A2107AD3C15}.AppStore|iPhone.ActiveCfg = Release|Any CPU
		{80AD099F-0549-4CA0-BE5C-4A2107AD3C15}.AppStore|iPhoneSimulator.ActiveCfg = Release|Any CPU
		{80AD099F-0549-4CA0-BE5C-4A2107AD3C15}.AppStore|Mixed Platforms.ActiveCfg = Release|x86
		{80AD099F-0549-4CA0-BE5C-4A2107AD3C15}.AppStore|Mixed Platforms.Build.0 = Release|x86
		{80AD099F-0549-4CA0-BE5C-4A2107AD3C15}.AppStore|Mixed Platforms.Deploy.0 = Release|x86
		{80AD099F-0549-4CA0-BE5C-4A2107AD3C15}.AppStore|x86.ActiveCfg = Release|x86
		{80AD099F-0549-4CA0-BE5C-4A2107AD3C15}.AppStore|x86.Build.0 = Release|x86
		{80AD099F-0549-4CA0-BE5C-4A2107AD3C15}.AppStore|x86.Deploy.0 = Release|x86
		{80AD099F-0549-4CA0-BE5C-4A2107AD3C15}.Debug|Any CPU.ActiveCfg = Debug|Any CPU
		{80AD099F-0549-4CA0-BE5C-4A2107AD3C15}.Debug|Any CPU.Build.0 = Debug|Any CPU
		{80AD099F-0549-4CA0-BE5C-4A2107AD3C15}.Debug|Any CPU.Deploy.0 = Debug|Any CPU
		{80AD099F-0549-4CA0-BE5C-4A2107AD3C15}.Debug|ARM.ActiveCfg = Debug|ARM
		{80AD099F-0549-4CA0-BE5C-4A2107AD3C15}.Debug|ARM.Build.0 = Debug|ARM
		{80AD099F-0549-4CA0-BE5C-4A2107AD3C15}.Debug|ARM.Deploy.0 = Debug|ARM
		{80AD099F-0549-4CA0-BE5C-4A2107AD3C15}.Debug|iPhone.ActiveCfg = Debug|Any CPU
		{80AD099F-0549-4CA0-BE5C-4A2107AD3C15}.Debug|iPhoneSimulator.ActiveCfg = Debug|Any CPU
		{80AD099F-0549-4CA0-BE5C-4A2107AD3C15}.Debug|Mixed Platforms.ActiveCfg = Debug|x86
		{80AD099F-0549-4CA0-BE5C-4A2107AD3C15}.Debug|Mixed Platforms.Build.0 = Debug|x86
		{80AD099F-0549-4CA0-BE5C-4A2107AD3C15}.Debug|Mixed Platforms.Deploy.0 = Debug|x86
		{80AD099F-0549-4CA0-BE5C-4A2107AD3C15}.Debug|x86.ActiveCfg = Debug|x86
		{80AD099F-0549-4CA0-BE5C-4A2107AD3C15}.Debug|x86.Build.0 = Debug|x86
		{80AD099F-0549-4CA0-BE5C-4A2107AD3C15}.Debug|x86.Deploy.0 = Debug|x86
		{80AD099F-0549-4CA0-BE5C-4A2107AD3C15}.Release|Any CPU.ActiveCfg = Release|Any CPU
		{80AD099F-0549-4CA0-BE5C-4A2107AD3C15}.Release|Any CPU.Build.0 = Release|Any CPU
		{80AD099F-0549-4CA0-BE5C-4A2107AD3C15}.Release|Any CPU.Deploy.0 = Release|Any CPU
		{80AD099F-0549-4CA0-BE5C-4A2107AD3C15}.Release|ARM.ActiveCfg = Release|ARM
		{80AD099F-0549-4CA0-BE5C-4A2107AD3C15}.Release|ARM.Build.0 = Release|ARM
		{80AD099F-0549-4CA0-BE5C-4A2107AD3C15}.Release|ARM.Deploy.0 = Release|ARM
		{80AD099F-0549-4CA0-BE5C-4A2107AD3C15}.Release|iPhone.ActiveCfg = Release|Any CPU
		{80AD099F-0549-4CA0-BE5C-4A2107AD3C15}.Release|iPhoneSimulator.ActiveCfg = Release|Any CPU
		{80AD099F-0549-4CA0-BE5C-4A2107AD3C15}.Release|Mixed Platforms.ActiveCfg = Release|x86
		{80AD099F-0549-4CA0-BE5C-4A2107AD3C15}.Release|Mixed Platforms.Build.0 = Release|x86
		{80AD099F-0549-4CA0-BE5C-4A2107AD3C15}.Release|Mixed Platforms.Deploy.0 = Release|x86
		{80AD099F-0549-4CA0-BE5C-4A2107AD3C15}.Release|x86.ActiveCfg = Release|x86
		{80AD099F-0549-4CA0-BE5C-4A2107AD3C15}.Release|x86.Build.0 = Release|x86
		{80AD099F-0549-4CA0-BE5C-4A2107AD3C15}.Release|x86.Deploy.0 = Release|x86
	EndGlobalSection
	GlobalSection(SolutionProperties) = preSolution
		HideSolutionNode = FALSE
	EndGlobalSection
EndGlobal
